// !$*UTF8*$!
{
	archiveVersion = 1;
	classes = {
	};
	objectVersion = 56;
	objects = {

/* Begin PBXBuildFile section */
		F756D39A2BD4691200612D35 /* AppDelegate.swift in Sources */ = {isa = PBXBuildFile; fileRef = F756D3992BD4691200612D35 /* AppDelegate.swift */; };
		F756D39C2BD4691200612D35 /* SceneDelegate.swift in Sources */ = {isa = PBXBuildFile; fileRef = F756D39B2BD4691200612D35 /* SceneDelegate.swift */; };
		F756D3A12BD4691200612D35 /* Base in Resources */ = {isa = PBXBuildFile; fileRef = F756D3A02BD4691200612D35 /* Base */; };
		F756D3A32BD4691400612D35 /* Assets.xcassets in Resources */ = {isa = PBXBuildFile; fileRef = F756D3A22BD4691400612D35 /* Assets.xcassets */; };
		F756D3A62BD4691400612D35 /* Base in Resources */ = {isa = PBXBuildFile; fileRef = F756D3A52BD4691400612D35 /* Base */; };
		F756D3AE2BD4692000612D35 /* Members.swift in Sources */ = {isa = PBXBuildFile; fileRef = F756D3AD2BD4692000612D35 /* Members.swift */; };
		F756D3B02BD46AF300612D35 /* TableViewController.swift in Sources */ = {isa = PBXBuildFile; fileRef = F756D3AF2BD46AF300612D35 /* TableViewController.swift */; };
		F756D3B22BD46B4500612D35 /* DetailViewController.swift in Sources */ = {isa = PBXBuildFile; fileRef = F756D3B12BD46B4500612D35 /* DetailViewController.swift */; };
		F756D3B42BD4898B00612D35 /* MemberTableViewCell.swift in Sources */ = {isa = PBXBuildFile; fileRef = F756D3B32BD4898B00612D35 /* MemberTableViewCell.swift */; };
		F756D3B62BD48BF000612D35 /* TVC_Extension.swift in Sources */ = {isa = PBXBuildFile; fileRef = F756D3B52BD48BF000612D35 /* TVC_Extension.swift */; };
/* End PBXBuildFile section */

/* Begin PBXFileReference section */
		F756D3962BD4691200612D35 /* JonesSpencer_TableViewIntermediate.app */ = {isa = PBXFileReference; explicitFileType = wrapper.application; includeInIndex = 0; path = JonesSpencer_TableViewIntermediate.app; sourceTree = BUILT_PRODUCTS_DIR; };
		F756D3992BD4691200612D35 /* AppDelegate.swift */ = {isa = PBXFileReference; lastKnownFileType = sourcecode.swift; path = AppDelegate.swift; sourceTree = "<group>"; };
		F756D39B2BD4691200612D35 /* SceneDelegate.swift */ = {isa = PBXFileReference; lastKnownFileType = sourcecode.swift; path = SceneDelegate.swift; sourceTree = "<group>"; };
		F756D3A02BD4691200612D35 /* Base */ = {isa = PBXFileReference; lastKnownFileType = file.storyboard; name = Base; path = Base.lproj/Main.storyboard; sourceTree = "<group>"; };
		F756D3A22BD4691400612D35 /* Assets.xcassets */ = {isa = PBXFileReference; lastKnownFileType = folder.assetcatalog; path = Assets.xcassets; sourceTree = "<group>"; };
		F756D3A52BD4691400612D35 /* Base */ = {isa = PBXFileReference; lastKnownFileType = file.storyboard; name = Base; path = Base.lproj/LaunchScreen.storyboard; sourceTree = "<group>"; };
		F756D3A72BD4691400612D35 /* Info.plist */ = {isa = PBXFileReference; lastKnownFileType = text.plist.xml; path = Info.plist; sourceTree = "<group>"; };
		F756D3AD2BD4692000612D35 /* Members.swift */ = {isa = PBXFileReference; lastKnownFileType = sourcecode.swift; path = Members.swift; sourceTree = "<group>"; };
		F756D3AF2BD46AF300612D35 /* TableViewController.swift */ = {isa = PBXFileReference; lastKnownFileType = sourcecode.swift; path = TableViewController.swift; sourceTree = "<group>"; };
		F756D3B12BD46B4500612D35 /* DetailViewController.swift */ = {isa = PBXFileReference; lastKnownFileType = sourcecode.swift; path = DetailViewController.swift; sourceTree = "<group>"; };
		F756D3B32BD4898B00612D35 /* MemberTableViewCell.swift */ = {isa = PBXFileReference; lastKnownFileType = sourcecode.swift; path = MemberTableViewCell.swift; sourceTree = "<group>"; };
		F756D3B52BD48BF000612D35 /* TVC_Extension.swift */ = {isa = PBXFileReference; lastKnownFileType = sourcecode.swift; path = TVC_Extension.swift; sourceTree = "<group>"; };
/* End PBXFileReference section */

/* Begin PBXFrameworksBuildPhase section */
		F756D3932BD4691200612D35 /* Frameworks */ = {
			isa = PBXFrameworksBuildPhase;
			buildActionMask = 2147483647;
			files = (
			);
			runOnlyForDeploymentPostprocessing = 0;
		};
/* End PBXFrameworksBuildPhase section */

/* Begin PBXGroup section */
		F756D38D2BD4691200612D35 = {
			isa = PBXGroup;
			children = (
				F756D3982BD4691200612D35 /* JonesSpencer_TableViewIntermediate */,
				F756D3972BD4691200612D35 /* Products */,
			);
			sourceTree = "<group>";
		};
		F756D3972BD4691200612D35 /* Products */ = {
			isa = PBXGroup;
			children = (
				F756D3962BD4691200612D35 /* JonesSpencer_TableViewIntermediate.app */,
			);
			name = Products;
			sourceTree = "<group>";
		};
		F756D3982BD4691200612D35 /* JonesSpencer_TableViewIntermediate */ = {
			isa = PBXGroup;
			children = (
				F756D3992BD4691200612D35 /* AppDelegate.swift */,
				F756D39B2BD4691200612D35 /* SceneDelegate.swift */,
				F756D39F2BD4691200612D35 /* Main.storyboard */,
				F756D3AF2BD46AF300612D35 /* TableViewController.swift */,
				F756D3B52BD48BF000612D35 /* TVC_Extension.swift */,
				F756D3B32BD4898B00612D35 /* MemberTableViewCell.swift */,
				F756D3B12BD46B4500612D35 /* DetailViewController.swift */,
				F756D3AD2BD4692000612D35 /* Members.swift */,
				F756D3A22BD4691400612D35 /* Assets.xcassets */,
				F756D3A42BD4691400612D35 /* LaunchScreen.storyboard */,
				F756D3A72BD4691400612D35 /* Info.plist */,
			);
			path = JonesSpencer_TableViewIntermediate;
			sourceTree = "<group>";
		};
/* End PBXGroup section */

/* Begin PBXNativeTarget section */
		F756D3952BD4691200612D35 /* JonesSpencer_TableViewIntermediate */ = {
			isa = PBXNativeTarget;
			buildConfigurationList = F756D3AA2BD4691400612D35 /* Build configuration list for PBXNativeTarget "JonesSpencer_TableViewIntermediate" */;
			buildPhases = (
				F756D3922BD4691200612D35 /* Sources */,
				F756D3932BD4691200612D35 /* Frameworks */,
				F756D3942BD4691200612D35 /* Resources */,
			);
			buildRules = (
			);
			dependencies = (
			);
			name = JonesSpencer_TableViewIntermediate;
			productName = JonesSpencer_TableViewIntermediate;
			productReference = F756D3962BD4691200612D35 /* JonesSpencer_TableViewIntermediate.app */;
			productType = "com.apple.product-type.application";
		};
/* End PBXNativeTarget section */

/* Begin PBXProject section */
		F756D38E2BD4691200612D35 /* Project object */ = {
			isa = PBXProject;
			attributes = {
				BuildIndependentTargetsInParallel = 1;
				LastSwiftUpdateCheck = 1530;
				LastUpgradeCheck = 1530;
				TargetAttributes = {
					F756D3952BD4691200612D35 = {
						CreatedOnToolsVersion = 15.3;
					};
				};
			};
			buildConfigurationList = F756D3912BD4691200612D35 /* Build configuration list for PBXProject "JonesSpencer_TableViewIntermediate" */;
			compatibilityVersion = "Xcode 14.0";
			developmentRegion = en;
			hasScannedForEncodings = 0;
			knownRegions = (
				en,
				Base,
			);
			mainGroup = F756D38D2BD4691200612D35;
			productRefGroup = F756D3972BD4691200612D35 /* Products */;
			projectDirPath = "";
			projectRoot = "";
			targets = (
				F756D3952BD4691200612D35 /* JonesSpencer_TableViewIntermediate */,
			);
		};
/* End PBXProject section */

/* Begin PBXResourcesBuildPhase section */
		F756D3942BD4691200612D35 /* Resources */ = {
			isa = PBXResourcesBuildPhase;
			buildActionMask = 2147483647;
			files = (
				F756D3A32BD4691400612D35 /* Assets.xcassets in Resources */,
				F756D3A62BD4691400612D35 /* Base in Resources */,
				F756D3A12BD4691200612D35 /* Base in Resources */,
			);
			runOnlyForDeploymentPostprocessing = 0;
		};
/* End PBXResourcesBuildPhase section */

/* Begin PBXSourcesBuildPhase section */
		F756D3922BD4691200612D35 /* Sources */ = {
			isa = PBXSourcesBuildPhase;
			buildActionMask = 2147483647;
			files = (
				F756D39A2BD4691200612D35 /* AppDelegate.swift in Sources */,
				F756D3B42BD4898B00612D35 /* MemberTableViewCell.swift in Sources */,
				F756D39C2BD4691200612D35 /* SceneDelegate.swift in Sources */,
				F756D3B62BD48BF000612D35 /* TVC_Extension.swift in Sources */,
				F756D3B22BD46B4500612D35 /* DetailViewController.swift in Sources */,
				F756D3AE2BD4692000612D35 /* Members.swift in Sources */,
				F756D3B02BD46AF300612D35 /* TableViewController.swift in Sources */,
			);
			runOnlyForDeploymentPostprocessing = 0;
		};
/* End PBXSourcesBuildPhase section */

/* Begin PBXVariantGroup section */
		F756D39F2BD4691200612D35 /* Main.storyboard */ = {
			isa = PBXVariantGroup;
			children = (
				F756D3A02BD4691200612D35 /* Base */,
			);
			name = Main.storyboard;
			sourceTree = "<group>";
		};
		F756D3A42BD4691400612D35 /* LaunchScreen.storyboard */ = {
			isa = PBXVariantGroup;
			children = (
				F756D3A52BD4691400612D35 /* Base */,
			);
			name = LaunchScreen.storyboard;
			sourceTree = "<group>";
		};
/* End PBXVariantGroup section */

/* Begin XCBuildConfiguration section */
		F756D3A82BD4691400612D35 /* Debug */ = {
			isa = XCBuildConfiguration;
			buildSettings = {
				ALWAYS_SEARCH_USER_PATHS = NO;
				ASSETCATALOG_COMPILER_GENERATE_SWIFT_ASSET_SYMBOL_EXTENSIONS = YES;
				CLANG_ANALYZER_NONNULL = YES;
				CLANG_ANALYZER_NUMBER_OBJECT_CONVERSION = YES_AGGRESSIVE;
				CLANG_CXX_LANGUAGE_STANDARD = "gnu++20";
				CLANG_ENABLE_MODULES = YES;
				CLANG_ENABLE_OBJC_ARC = YES;
				CLANG_ENABLE_OBJC_WEAK = YES;
				CLANG_WARN_BLOCK_CAPTURE_AUTORELEASING = YES;
				CLANG_WARN_BOOL_CONVERSION = YES;
				CLANG_WARN_COMMA = YES;
				CLANG_WARN_CONSTANT_CONVERSION = YES;
				CLANG_WARN_DEPRECATED_OBJC_IMPLEMENTATIONS = YES;
				CLANG_WARN_DIRECT_OBJC_ISA_USAGE = YES_ERROR;
				CLANG_WARN_DOCUMENTATION_COMMENTS = YES;
				CLANG_WARN_EMPTY_BODY = YES;
				CLANG_WARN_ENUM_CONVERSION = YES;
				CLANG_WARN_INFINITE_RECURSION = YES;
				CLANG_WARN_INT_CONVERSION = YES;
				CLANG_WARN_NON_LITERAL_NULL_CONVERSION = YES;
				CLANG_WARN_OBJC_IMPLICIT_RETAIN_SELF = YES;
				CLANG_WARN_OBJC_LITERAL_CONVERSION = YES;
				CLANG_WARN_OBJC_ROOT_CLASS = YES_ERROR;
				CLANG_WARN_QUOTED_INCLUDE_IN_FRAMEWORK_HEADER = YES;
				CLANG_WARN_RANGE_LOOP_ANALYSIS = YES;
				CLANG_WARN_STRICT_PROTOTYPES = YES;
				CLANG_WARN_SUSPICIOUS_MOVE = YES;
				CLANG_WARN_UNGUARDED_AVAILABILITY = YES_AGGRESSIVE;
				CLANG_WARN_UNREACHABLE_CODE = YES;
				CLANG_WARN__DUPLICATE_METHOD_MATCH = YES;
				COPY_PHASE_STRIP = NO;
				DEBUG_INFORMATION_FORMAT = dwarf;
				ENABLE_STRICT_OBJC_MSGSEND = YES;
				ENABLE_TESTABILITY = YES;
				ENABLE_USER_SCRIPT_SANDBOXING = YES;
				GCC_C_LANGUAGE_STANDARD = gnu17;
				GCC_DYNAMIC_NO_PIC = NO;
				GCC_NO_COMMON_BLOCKS = YES;
				GCC_OPTIMIZATION_LEVEL = 0;
				GCC_PREPROCESSOR_DEFINITIONS = (
					"DEBUG=1",
					"$(inherited)",
				);
				GCC_WARN_64_TO_32_BIT_CONVERSION = YES;
				GCC_WARN_ABOUT_RETURN_TYPE = YES_ERROR;
				GCC_WARN_UNDECLARED_SELECTOR = YES;
				GCC_WARN_UNINITIALIZED_AUTOS = YES_AGGRESSIVE;
				GCC_WARN_UNUSED_FUNCTION = YES;
				GCC_WARN_UNUSED_VARIABLE = YES;
				IPHONEOS_DEPLOYMENT_TARGET = 17.4;
				LOCALIZATION_PREFERS_STRING_CATALOGS = YES;
				MTL_ENABLE_DEBUG_INFO = INCLUDE_SOURCE;
				MTL_FAST_MATH = YES;
				ONLY_ACTIVE_ARCH = YES;
				SDKROOT = iphoneos;
				SWIFT_ACTIVE_COMPILATION_CONDITIONS = "DEBUG $(inherited)";
				SWIFT_OPTIMIZATION_LEVEL = "-Onone";
			};
			name = Debug;
		};
		F756D3A92BD4691400612D35 /* Release */ = {
			isa = XCBuildConfiguration;
			buildSettings = {
				ALWAYS_SEARCH_USER_PATHS = NO;
				ASSETCATALOG_COMPILER_GENERATE_SWIFT_ASSET_SYMBOL_EXTENSIONS = YES;
				CLANG_ANALYZER_NONNULL = YES;
				CLANG_ANALYZER_NUMBER_OBJECT_CONVERSION = YES_AGGRESSIVE;
				CLANG_CXX_LANGUAGE_STANDARD = "gnu++20";
				CLANG_ENABLE_MODULES = YES;
				CLANG_ENABLE_OBJC_ARC = YES;
				CLANG_ENABLE_OBJC_WEAK = YES;
				CLANG_WARN_BLOCK_CAPTURE_AUTORELEASING = YES;
				CLANG_WARN_BOOL_CONVERSION = YES;
				CLANG_WARN_COMMA = YES;
				CLANG_WARN_CONSTANT_CONVERSION = YES;
				CLANG_WARN_DEPRECATED_OBJC_IMPLEMENTATIONS = YES;
				CLANG_WARN_DIRECT_OBJC_ISA_USAGE = YES_ERROR;
				CLANG_WARN_DOCUMENTATION_COMMENTS = YES;
				CLANG_WARN_EMPTY_BODY = YES;
				CLANG_WARN_ENUM_CONVERSION = YES;
				CLANG_WARN_INFINITE_RECURSION = YES;
				CLANG_WARN_INT_CONVERSION = YES;
				CLANG_WARN_NON_LITERAL_NULL_CONVERSION = YES;
				CLANG_WARN_OBJC_IMPLICIT_RETAIN_SELF = YES;
				CLANG_WARN_OBJC_LITERAL_CONVERSION = YES;
				CLANG_WARN_OBJC_ROOT_CLASS = YES_ERROR;
				CLANG_WARN_QUOTED_INCLUDE_IN_FRAMEWORK_HEADER = YES;
				CLANG_WARN_RANGE_LOOP_ANALYSIS = YES;
				CLANG_WARN_STRICT_PROTOTYPES = YES;
				CLANG_WARN_SUSPICIOUS_MOVE = YES;
				CLANG_WARN_UNGUARDED_AVAILABILITY = YES_AGGRESSIVE;
				CLANG_WARN_UNREACHABLE_CODE = YES;
				CLANG_WARN__DUPLICATE_METHOD_MATCH = YES;
				COPY_PHASE_STRIP = NO;
				DEBUG_INFORMATION_FORMAT = "dwarf-with-dsym";
				ENABLE_NS_ASSERTIONS = NO;
				ENABLE_STRICT_OBJC_MSGSEND = YES;
				ENABLE_USER_SCRIPT_SANDBOXING = YES;
				GCC_C_LANGUAGE_STANDARD = gnu17;
				GCC_NO_COMMON_BLOCKS = YES;
				GCC_WARN_64_TO_32_BIT_CONVERSION = YES;
				GCC_WARN_ABOUT_RETURN_TYPE = YES_ERROR;
				GCC_WARN_UNDECLARED_SELECTOR = YES;
				GCC_WARN_UNINITIALIZED_AUTOS = YES_AGGRESSIVE;
				GCC_WARN_UNUSED_FUNCTION = YES;
				GCC_WARN_UNUSED_VARIABLE = YES;
				IPHONEOS_DEPLOYMENT_TARGET = 17.4;
				LOCALIZATION_PREFERS_STRING_CATALOGS = YES;
				MTL_ENABLE_DEBUG_INFO = NO;
				MTL_FAST_MATH = YES;
				SDKROOT = iphoneos;
				SWIFT_COMPILATION_MODE = wholemodule;
				VALIDATE_PRODUCT = YES;
			};
			name = Release;
		};
		F756D3AB2BD4691400612D35 /* Debug */ = {
			isa = XCBuildConfiguration;
			buildSettings = {
				ASSETCATALOG_COMPILER_APPICON_NAME = AppIcon;
				ASSETCATALOG_COMPILER_GLOBAL_ACCENT_COLOR_NAME = AccentColor;
				CODE_SIGN_STYLE = Automatic;
				CURRENT_PROJECT_VERSION = 1;
				DEVELOPMENT_TEAM = GD6H63ZU48;
				GENERATE_INFOPLIST_FILE = YES;
				INFOPLIST_FILE = JonesSpencer_TableViewIntermediate/Info.plist;
				INFOPLIST_KEY_UIApplicationSupportsIndirectInputEvents = YES;
				INFOPLIST_KEY_UILaunchStoryboardName = LaunchScreen;
				INFOPLIST_KEY_UIMainStoryboardFile = Main;
				INFOPLIST_KEY_UISupportedInterfaceOrientations_iPad = "UIInterfaceOrientationPortrait UIInterfaceOrientationPortraitUpsideDown UIInterfaceOrientationLandscapeLeft UIInterfaceOrientationLandscapeRight";
				INFOPLIST_KEY_UISupportedInterfaceOrientations_iPhone = "UIInterfaceOrientationPortrait UIInterfaceOrientationLandscapeLeft UIInterfaceOrientationLandscapeRight";
				LD_RUNPATH_SEARCH_PATHS = (
					"$(inherited)",
					"@executable_path/Frameworks",
				);
				MARKETING_VERSION = 1.0;
				PRODUCT_BUNDLE_IDENTIFIER = "SpencerJones.JonesSpencer-TableViewIntermediate";
				PRODUCT_NAME = "$(TARGET_NAME)";
				SWIFT_EMIT_LOC_STRINGS = YES;
				SWIFT_VERSION = 5.0;
				TARGETED_DEVICE_FAMILY = "1,2";
			};
			name = Debug;
		};
		F756D3AC2BD4691400612D35 /* Release */ = {
			isa = XCBuildConfiguration;
			buildSettings = {
				ASSETCATALOG_COMPILER_APPICON_NAME = AppIcon;
				ASSETCATALOG_COMPILER_GLOBAL_ACCENT_COLOR_NAME = AccentColor;
				CODE_SIGN_STYLE = Automatic;
				CURRENT_PROJECT_VERSION = 1;
				DEVELOPMENT_TEAM = GD6H63ZU48;
				GENERATE_INFOPLIST_FILE = YES;
				INFOPLIST_FILE = JonesSpencer_TableViewIntermediate/Info.plist;
				INFOPLIST_KEY_UIApplicationSupportsIndirectInputEvents = YES;
				INFOPLIST_KEY_UILaunchStoryboardName = LaunchScreen;
				INFOPLIST_KEY_UIMainStoryboardFile = Main;
				INFOPLIST_KEY_UISupportedInterfaceOrientations_iPad = "UIInterfaceOrientationPortrait UIInterfaceOrientationPortraitUpsideDown UIInterfaceOrientationLandscapeLeft UIInterfaceOrientationLandscapeRight";
				INFOPLIST_KEY_UISupportedInterfaceOrientations_iPhone = "UIInterfaceOrientationPortrait UIInterfaceOrientationLandscapeLeft UIInterfaceOrientationLandscapeRight";
				LD_RUNPATH_SEARCH_PATHS = (
					"$(inherited)",
					"@executable_path/Frameworks",
				);
				MARKETING_VERSION = 1.0;
				PRODUCT_BUNDLE_IDENTIFIER = "SpencerJones.JonesSpencer-TableViewIntermediate";
				PRODUCT_NAME = "$(TARGET_NAME)";
				SWIFT_EMIT_LOC_STRINGS = YES;
				SWIFT_VERSION = 5.0;
				TARGETED_DEVICE_FAMILY = "1,2";
			};
			name = Release;
		};
/* End XCBuildConfiguration section */

/* Begin XCConfigurationList section */
		F756D3912BD4691200612D35 /* Build configuration list for PBXProject "JonesSpencer_TableViewIntermediate" */ = {
			isa = XCConfigurationList;
			buildConfigurations = (
				F756D3A82BD4691400612D35 /* Debug */,
				F756D3A92BD4691400612D35 /* Release */,
			);
			defaultConfigurationIsVisible = 0;
			defaultConfigurationName = Release;
		};
		F756D3AA2BD4691400612D35 /* Build configuration list for PBXNativeTarget "JonesSpencer_TableViewIntermediate" */ = {
			isa = XCConfigurationList;
			buildConfigurations = (
				F756D3AB2BD4691400612D35 /* Debug */,
				F756D3AC2BD4691400612D35 /* Release */,
			);
			defaultConfigurationIsVisible = 0;
			defaultConfigurationName = Release;
		};
/* End XCConfigurationList section */
	};
	rootObject = F756D38E2BD4691200612D35 /* Project object */;
}
